
Microsoft Visual Studio Solution File, Format Version 12.00
Project("{FAE04EC0-301F-11D3-BF4B-00C04F79EFBC}") = "Module3HM3", "Module3HM3\Module3HM3.csproj", "{908842E6-EA6E-4756-BB36-15CFA765D594}"
EndProject
Global
	GlobalSection(SolutionConfigurationPlatforms) = preSolution
		Debug|Any CPU = Debug|Any CPU
		Release|Any CPU = Release|Any CPU
	EndGlobalSection
	GlobalSection(ProjectConfigurationPlatforms) = postSolution
		{908842E6-EA6E-4756-BB36-15CFA765D594}.Debug|Any CPU.ActiveCfg = Debug|Any CPU
		{908842E6-EA6E-4756-BB36-15CFA765D594}.Debug|Any CPU.Build.0 = Debug|Any CPU
		{908842E6-EA6E-4756-BB36-15CFA765D594}.Release|Any CPU.ActiveCfg = Release|Any CPU
		{908842E6-EA6E-4756-BB36-15CFA765D594}.Release|Any CPU.Build.0 = Release|Any CPU
	EndGlobalSection
EndGlobal
